
Microsoft Visual Studio Solution File, Format Version 12.00
# Visual Studio 15
VisualStudioVersion = 15.0.28010.2036
MinimumVisualStudioVersion = 10.0.40219.1
Project("{FAE04EC0-301F-11D3-BF4B-00C04F79EFBC}") = "Interface", "Interface\Interface.csproj", "{A63FD399-9750-4A79-8A19-FC8436D0CE99}"
EndProject
Global
	GlobalSection(SolutionConfigurationPlatforms) = preSolution
		Debug|Any CPU = Debug|Any CPU
		Release|Any CPU = Release|Any CPU
	EndGlobalSection
	GlobalSection(ProjectConfigurationPlatforms) = postSolution
		{A63FD399-9750-4A79-8A19-FC8436D0CE99}.Debug|Any CPU.ActiveCfg = Debug|Any CPU
		{A63FD399-9750-4A79-8A19-FC8436D0CE99}.Debug|Any CPU.Build.0 = Debug|Any CPU
		{A63FD399-9750-4A79-8A19-FC8436D0CE99}.Release|Any CPU.ActiveCfg = Release|Any CPU
		{A63FD399-9750-4A79-8A19-FC8436D0CE99}.Release|Any CPU.Build.0 = Release|Any CPU
	EndGlobalSection
	GlobalSection(SolutionProperties) = preSolution
		HideSolutionNode = FALSE
	EndGlobalSection
	GlobalSection(ExtensibilityGlobals) = postSolution
		SolutionGuid = {3E0E4F77-8E5D-4009-8022-A7F349F2CE28}
	EndGlobalSection
EndGlobal
